
Microsoft Visual Studio Solution File, Format Version 12.00
# Visual Studio Version 16
VisualStudioVersion = 16.0.33927.289
MinimumVisualStudioVersion = 10.0.40219.1
Project("{FAE04EC0-301F-11D3-BF4B-00C04F79EFBC}") = "MobileApp.Android", "MobileApp\MobileApp.Android\MobileApp.Android.csproj", "{B2B1C5E9-AE58-4E3B-8710-B2E331FA84A2}"
EndProject
Project("{FAE04EC0-301F-11D3-BF4B-00C04F79EFBC}") = "MobileApp.iOS", "MobileApp\MobileApp.iOS\MobileApp.iOS.csproj", "{2D1091CA-834B-4004-8008-5C45AE1070FF}"
EndProject
Global
	GlobalSection(SolutionConfigurationPlatforms) = preSolution
		Debug|Any CPU = Debug|Any CPU
		Debug|iPhone = Debug|iPhone
		Debug|iPhoneSimulator = Debug|iPhoneSimulator
		Release|Any CPU = Release|Any CPU
		Release|iPhone = Release|iPhone
		Release|iPhoneSimulator = Release|iPhoneSimulator
	EndGlobalSection
	GlobalSection(ProjectConfigurationPlatforms) = postSolution
		{B2B1C5E9-AE58-4E3B-8710-B2E331FA84A2}.Debug|Any CPU.ActiveCfg = Debug|Any CPU
		{B2B1C5E9-AE58-4E3B-8710-B2E331FA84A2}.Debug|Any CPU.Build.0 = Debug|Any CPU
		{B2B1C5E9-AE58-4E3B-8710-B2E331FA84A2}.Debug|Any CPU.Deploy.0 = Debug|Any CPU
		{B2B1C5E9-AE58-4E3B-8710-B2E331FA84A2}.Debug|iPhone.ActiveCfg = Debug|Any CPU
		{B2B1C5E9-AE58-4E3B-8710-B2E331FA84A2}.Debug|iPhone.Build.0 = Debug|Any CPU
		{B2B1C5E9-AE58-4E3B-8710-B2E331FA84A2}.Debug|iPhone.Deploy.0 = Debug|Any CPU
		{B2B1C5E9-AE58-4E3B-8710-B2E331FA84A2}.Debug|iPhoneSimulator.ActiveCfg = Debug|Any CPU
		{B2B1C5E9-AE58-4E3B-8710-B2E331FA84A2}.Debug|iPhoneSimulator.Build.0 = Debug|Any CPU
		{B2B1C5E9-AE58-4E3B-8710-B2E331FA84A2}.Debug|iPhoneSimulator.Deploy.0 = Debug|Any CPU
		{B2B1C5E9-AE58-4E3B-8710-B2E331FA84A2}.Release|Any CPU.ActiveCfg = Release|Any CPU
		{B2B1C5E9-AE58-4E3B-8710-B2E331FA84A2}.Release|Any CPU.Build.0 = Release|Any CPU
		{B2B1C5E9-AE58-4E3B-8710-B2E331FA84A2}.Release|Any CPU.Deploy.0 = Release|Any CPU
		{B2B1C5E9-AE58-4E3B-8710-B2E331FA84A2}.Release|iPhone.ActiveCfg = Release|Any CPU
		{B2B1C5E9-AE58-4E3B-8710-B2E331FA84A2}.Release|iPhone.Build.0 = Release|Any CPU
		{B2B1C5E9-AE58-4E3B-8710-B2E331FA84A2}.Release|iPhone.Deploy.0 = Release|Any CPU
		{B2B1C5E9-AE58-4E3B-8710-B2E331FA84A2}.Release|iPhoneSimulator.ActiveCfg = Release|Any CPU
		{B2B1C5E9-AE58-4E3B-8710-B2E331FA84A2}.Release|iPhoneSimulator.Build.0 = Release|Any CPU
		{B2B1C5E9-AE58-4E3B-8710-B2E331FA84A2}.Release|iPhoneSimulator.Deploy.0 = Release|Any CPU
		{2D1091CA-834B-4004-8008-5C45AE1070FF}.Debug|Any CPU.ActiveCfg = Debug|iPhone
		{2D1091CA-834B-4004-8008-5C45AE1070FF}.Debug|Any CPU.Build.0 = Debug|iPhone
		{2D1091CA-834B-4004-8008-5C45AE1070FF}.Debug|Any CPU.Deploy.0 = Debug|iPhone
		{2D1091CA-834B-4004-8008-5C45AE1070FF}.Debug|iPhone.ActiveCfg = Debug|iPhone
		{2D1091CA-834B-4004-8008-5C45AE1070FF}.Debug|iPhone.Build.0 = Debug|iPhone
		{2D1091CA-834B-4004-8008-5C45AE1070FF}.Debug|iPhone.Deploy.0 = Debug|iPhone
		{2D1091CA-834B-4004-8008-5C45AE1070FF}.Debug|iPhoneSimulator.ActiveCfg = Debug|iPhoneSimulator
		{2D1091CA-834B-4004-8008-5C45AE1070FF}.Debug|iPhoneSimulator.Build.0 = Debug|iPhoneSimulator
		{2D1091CA-834B-4004-8008-5C45AE1070FF}.Debug|iPhoneSimulator.Deploy.0 = Debug|iPhoneSimulator
		{2D1091CA-834B-4004-8008-5C45AE1070FF}.Release|Any CPU.ActiveCfg = Release|iPhoneSimulator
		{2D1091CA-834B-4004-8008-5C45AE1070FF}.Release|Any CPU.Build.0 = Release|iPhoneSimulator
		{2D1091CA-834B-4004-8008-5C45AE1070FF}.Release|Any CPU.Deploy.0 = Release|iPhoneSimulator
		{2D1091CA-834B-4004-8008-5C45AE1070FF}.Release|iPhone.ActiveCfg = Release|iPhone
		{2D1091CA-834B-4004-8008-5C45AE1070FF}.Release|iPhone.Build.0 = Release|iPhone
		{2D1091CA-834B-4004-8008-5C45AE1070FF}.Release|iPhone.Deploy.0 = Release|iPhone
		{2D1091CA-834B-4004-8008-5C45AE1070FF}.Release|iPhoneSimulator.ActiveCfg = Release|iPhoneSimulator
		{2D1091CA-834B-4004-8008-5C45AE1070FF}.Release|iPhoneSimulator.Build.0 = Release|iPhoneSimulator
		{2D1091CA-834B-4004-8008-5C45AE1070FF}.Release|iPhoneSimulator.Deploy.0 = Release|iPhoneSimulator
	EndGlobalSection
	GlobalSection(SolutionProperties) = preSolution
		HideSolutionNode = FALSE
	EndGlobalSection
	GlobalSection(ExtensibilityGlobals) = postSolution
		SolutionGuid = {975ED622-4386-4BB6-94EF-57C5861E3A0C}
	EndGlobalSection
EndGlobal
